
Microsoft Visual Studio Solution File, Format Version 12.00
# Visual Studio Version 17
VisualStudioVersion = 17.11.35327.3
MinimumVisualStudioVersion = 10.0.40219.1
Project("{9A19103F-16F7-4668-BE54-9A1E7A4F7556}") = "PhoneKeypad", "PhoneKeypad\PhoneKeypad.csproj", "{919941C6-91B7-4927-B475-62C72AA016D6}"
EndProject
Project("{9A19103F-16F7-4668-BE54-9A1E7A4F7556}") = "PhoneKeypadLib", "PhoneKeypadLib\PhoneKeypadLib.csproj", "{49E1674C-1197-47EE-B289-8934562F8060}"
EndProject
Project("{FAE04EC0-301F-11D3-BF4B-00C04F79EFBC}") = "PhoneKeypadTests", "PhoneKeypadTests\PhoneKeypadTests.csproj", "{BE92C968-E44E-4424-B646-E503815BF439}"
EndProject
Global
	GlobalSection(SolutionConfigurationPlatforms) = preSolution
		Debug|Any CPU = Debug|Any CPU
		Release|Any CPU = Release|Any CPU
	EndGlobalSection
	GlobalSection(ProjectConfigurationPlatforms) = postSolution
		{919941C6-91B7-4927-B475-62C72AA016D6}.Debug|Any CPU.ActiveCfg = Debug|Any CPU
		{919941C6-91B7-4927-B475-62C72AA016D6}.Debug|Any CPU.Build.0 = Debug|Any CPU
		{919941C6-91B7-4927-B475-62C72AA016D6}.Release|Any CPU.ActiveCfg = Release|Any CPU
		{919941C6-91B7-4927-B475-62C72AA016D6}.Release|Any CPU.Build.0 = Release|Any CPU
		{49E1674C-1197-47EE-B289-8934562F8060}.Debug|Any CPU.ActiveCfg = Debug|Any CPU
		{49E1674C-1197-47EE-B289-8934562F8060}.Debug|Any CPU.Build.0 = Debug|Any CPU
		{49E1674C-1197-47EE-B289-8934562F8060}.Release|Any CPU.ActiveCfg = Release|Any CPU
		{49E1674C-1197-47EE-B289-8934562F8060}.Release|Any CPU.Build.0 = Release|Any CPU
		{BE92C968-E44E-4424-B646-E503815BF439}.Debug|Any CPU.ActiveCfg = Debug|Any CPU
		{BE92C968-E44E-4424-B646-E503815BF439}.Debug|Any CPU.Build.0 = Debug|Any CPU
		{BE92C968-E44E-4424-B646-E503815BF439}.Release|Any CPU.ActiveCfg = Release|Any CPU
		{BE92C968-E44E-4424-B646-E503815BF439}.Release|Any CPU.Build.0 = Release|Any CPU
	EndGlobalSection
	GlobalSection(SolutionProperties) = preSolution
		HideSolutionNode = FALSE
	EndGlobalSection
	GlobalSection(ExtensibilityGlobals) = postSolution
		SolutionGuid = {3AB0A9A9-C0E2-4EA8-8131-F81B0DDC9EBE}
	EndGlobalSection
EndGlobal
